// !$*UTF8*$!
{
	archiveVersion = 1;
	classes = {
	};
	objectVersion = 51;
	objects = {

/* Begin PBXBuildFile section */
		6A006E2726BC078E00ABEDC6 /* RealmManager.swift in Sources */ = {isa = PBXBuildFile; fileRef = 6A006E2626BC078E00ABEDC6 /* RealmManager.swift */; };
		6A3CACCD26B90C5500948928 /* MainViewController.swift in Sources */ = {isa = PBXBuildFile; fileRef = 6A3CACCC26B90C5500948928 /* MainViewController.swift */; };
		6A3CACCF26BAABA400948928 /* CustomTableViewCell.swift in Sources */ = {isa = PBXBuildFile; fileRef = 6A3CACCE26BAABA400948928 /* CustomTableViewCell.swift */; };
		6A3CACD126BAB2EB00948928 /* PlaceModel.swift in Sources */ = {isa = PBXBuildFile; fileRef = 6A3CACD026BAB2EB00948928 /* PlaceModel.swift */; };
		6A3CACD326BAFCE700948928 /* NewPlaceViewController.swift in Sources */ = {isa = PBXBuildFile; fileRef = 6A3CACD226BAFCE700948928 /* NewPlaceViewController.swift */; };
		6AFA8D7626B8550900D2ECBE /* AppDelegate.swift in Sources */ = {isa = PBXBuildFile; fileRef = 6AFA8D7526B8550900D2ECBE /* AppDelegate.swift */; };
		6AFA8D7826B8550900D2ECBE /* SceneDelegate.swift in Sources */ = {isa = PBXBuildFile; fileRef = 6AFA8D7726B8550900D2ECBE /* SceneDelegate.swift */; };
		6AFA8D7D26B8550900D2ECBE /* Main.storyboard in Resources */ = {isa = PBXBuildFile; fileRef = 6AFA8D7B26B8550900D2ECBE /* Main.storyboard */; };
		6AFA8D7F26B8550B00D2ECBE /* Assets.xcassets in Resources */ = {isa = PBXBuildFile; fileRef = 6AFA8D7E26B8550B00D2ECBE /* Assets.xcassets */; };
		6AFA8D8226B8550B00D2ECBE /* LaunchScreen.storyboard in Resources */ = {isa = PBXBuildFile; fileRef = 6AFA8D8026B8550B00D2ECBE /* LaunchScreen.storyboard */; };
		C3F1567DA7BD7A2C53BE7E24 /* Pods_MyPlaces.framework in Frameworks */ = {isa = PBXBuildFile; fileRef = 22A0A87482C48FE1CF6D97AF /* Pods_MyPlaces.framework */; };
/* End PBXBuildFile section */

/* Begin PBXFileReference section */
		22A0A87482C48FE1CF6D97AF /* Pods_MyPlaces.framework */ = {isa = PBXFileReference; explicitFileType = wrapper.framework; includeInIndex = 0; path = Pods_MyPlaces.framework; sourceTree = BUILT_PRODUCTS_DIR; };
		6A006E2626BC078E00ABEDC6 /* RealmManager.swift */ = {isa = PBXFileReference; lastKnownFileType = sourcecode.swift; path = RealmManager.swift; sourceTree = "<group>"; };
		6A3CACCC26B90C5500948928 /* MainViewController.swift */ = {isa = PBXFileReference; lastKnownFileType = sourcecode.swift; path = MainViewController.swift; sourceTree = "<group>"; };
		6A3CACCE26BAABA400948928 /* CustomTableViewCell.swift */ = {isa = PBXFileReference; lastKnownFileType = sourcecode.swift; path = CustomTableViewCell.swift; sourceTree = "<group>"; };
		6A3CACD026BAB2EB00948928 /* PlaceModel.swift */ = {isa = PBXFileReference; lastKnownFileType = sourcecode.swift; path = PlaceModel.swift; sourceTree = "<group>"; };
		6A3CACD226BAFCE700948928 /* NewPlaceViewController.swift */ = {isa = PBXFileReference; lastKnownFileType = sourcecode.swift; path = NewPlaceViewController.swift; sourceTree = "<group>"; };
		6AFA8D7226B8550900D2ECBE /* MyPlaces.app */ = {isa = PBXFileReference; explicitFileType = wrapper.application; includeInIndex = 0; path = MyPlaces.app; sourceTree = BUILT_PRODUCTS_DIR; };
		6AFA8D7526B8550900D2ECBE /* AppDelegate.swift */ = {isa = PBXFileReference; lastKnownFileType = sourcecode.swift; path = AppDelegate.swift; sourceTree = "<group>"; };
		6AFA8D7726B8550900D2ECBE /* SceneDelegate.swift */ = {isa = PBXFileReference; lastKnownFileType = sourcecode.swift; path = SceneDelegate.swift; sourceTree = "<group>"; };
		6AFA8D7C26B8550900D2ECBE /* Base */ = {isa = PBXFileReference; lastKnownFileType = file.storyboard; name = Base; path = Base.lproj/Main.storyboard; sourceTree = "<group>"; };
		6AFA8D7E26B8550B00D2ECBE /* Assets.xcassets */ = {isa = PBXFileReference; lastKnownFileType = folder.assetcatalog; path = Assets.xcassets; sourceTree = "<group>"; };
		6AFA8D8126B8550B00D2ECBE /* Base */ = {isa = PBXFileReference; lastKnownFileType = file.storyboard; name = Base; path = Base.lproj/LaunchScreen.storyboard; sourceTree = "<group>"; };
		6AFA8D8326B8550B00D2ECBE /* Info.plist */ = {isa = PBXFileReference; lastKnownFileType = text.plist.xml; path = Info.plist; sourceTree = "<group>"; };
		ADD272254ED8F99445DD5377 /* Pods-MyPlaces.release.xcconfig */ = {isa = PBXFileReference; includeInIndex = 1; lastKnownFileType = text.xcconfig; name = "Pods-MyPlaces.release.xcconfig"; path = "Target Support Files/Pods-MyPlaces/Pods-MyPlaces.release.xcconfig"; sourceTree = "<group>"; };
		FE83DC61B453A6A99A9D1295 /* Pods-MyPlaces.debug.xcconfig */ = {isa = PBXFileReference; includeInIndex = 1; lastKnownFileType = text.xcconfig; name = "Pods-MyPlaces.debug.xcconfig"; path = "Target Support Files/Pods-MyPlaces/Pods-MyPlaces.debug.xcconfig"; sourceTree = "<group>"; };
/* End PBXFileReference section */

/* Begin PBXFrameworksBuildPhase section */
		6AFA8D6F26B8550900D2ECBE /* Frameworks */ = {
			isa = PBXFrameworksBuildPhase;
			buildActionMask = 2147483647;
			files = (
				C3F1567DA7BD7A2C53BE7E24 /* Pods_MyPlaces.framework in Frameworks */,
			);
			runOnlyForDeploymentPostprocessing = 0;
		};
/* End PBXFrameworksBuildPhase section */

/* Begin PBXGroup section */
		6AFA8D6926B8550900D2ECBE = {
			isa = PBXGroup;
			children = (
				6AFA8D7426B8550900D2ECBE /* MyPlaces */,
				6AFA8D7326B8550900D2ECBE /* Products */,
				6FA922349FF5DC32696D8A2C /* Pods */,
				B45ABCEB021AA4E7560D20CE /* Frameworks */,
			);
			sourceTree = "<group>";
		};
		6AFA8D7326B8550900D2ECBE /* Products */ = {
			isa = PBXGroup;
			children = (
				6AFA8D7226B8550900D2ECBE /* MyPlaces.app */,
			);
			name = Products;
			sourceTree = "<group>";
		};
		6AFA8D7426B8550900D2ECBE /* MyPlaces */ = {
			isa = PBXGroup;
			children = (
				6AFA8D7526B8550900D2ECBE /* AppDelegate.swift */,
				6AFA8D7726B8550900D2ECBE /* SceneDelegate.swift */,
				6AFA8D7B26B8550900D2ECBE /* Main.storyboard */,
				6A3CACD226BAFCE700948928 /* NewPlaceViewController.swift */,
				6A006E2626BC078E00ABEDC6 /* RealmManager.swift */,
				6A3CACCC26B90C5500948928 /* MainViewController.swift */,
				6A3CACD026BAB2EB00948928 /* PlaceModel.swift */,
				6A3CACCE26BAABA400948928 /* CustomTableViewCell.swift */,
				6AFA8D7E26B8550B00D2ECBE /* Assets.xcassets */,
				6AFA8D8026B8550B00D2ECBE /* LaunchScreen.storyboard */,
				6AFA8D8326B8550B00D2ECBE /* Info.plist */,
			);
			path = MyPlaces;
			sourceTree = "<group>";
		};
		6FA922349FF5DC32696D8A2C /* Pods */ = {
			isa = PBXGroup;
			children = (
				FE83DC61B453A6A99A9D1295 /* Pods-MyPlaces.debug.xcconfig */,
				ADD272254ED8F99445DD5377 /* Pods-MyPlaces.release.xcconfig */,
			);
			path = Pods;
			sourceTree = "<group>";
		};
		B45ABCEB021AA4E7560D20CE /* Frameworks */ = {
			isa = PBXGroup;
			children = (
				22A0A87482C48FE1CF6D97AF /* Pods_MyPlaces.framework */,
			);
			name = Frameworks;
			sourceTree = "<group>";
		};
/* End PBXGroup section */

/* Begin PBXNativeTarget section */
		6AFA8D7126B8550900D2ECBE /* MyPlaces */ = {
			isa = PBXNativeTarget;
			buildConfigurationList = 6AFA8D8626B8550B00D2ECBE /* Build configuration list for PBXNativeTarget "MyPlaces" */;
			buildPhases = (
				0BC831D3891E8962EB38DB23 /* [CP] Check Pods Manifest.lock */,
				6AFA8D6E26B8550900D2ECBE /* Sources */,
				6AFA8D6F26B8550900D2ECBE /* Frameworks */,
				6AFA8D7026B8550900D2ECBE /* Resources */,
				CEA8463F5081EFB97B501A77 /* [CP] Embed Pods Frameworks */,
			);
			buildRules = (
			);
			dependencies = (
			);
			name = MyPlaces;
			productName = MyPlaces;
			productReference = 6AFA8D7226B8550900D2ECBE /* MyPlaces.app */;
			productType = "com.apple.product-type.application";
		};
/* End PBXNativeTarget section */

/* Begin PBXProject section */
		6AFA8D6A26B8550900D2ECBE /* Project object */ = {
			isa = PBXProject;
			attributes = {
				LastSwiftUpdateCheck = 1250;
				LastUpgradeCheck = 1250;
				TargetAttributes = {
					6AFA8D7126B8550900D2ECBE = {
						CreatedOnToolsVersion = 12.5.1;
					};
				};
			};
			buildConfigurationList = 6AFA8D6D26B8550900D2ECBE /* Build configuration list for PBXProject "MyPlaces" */;
			compatibilityVersion = "Xcode 9.3";
			developmentRegion = en;
			hasScannedForEncodings = 0;
			knownRegions = (
				en,
				Base,
			);
			mainGroup = 6AFA8D6926B8550900D2ECBE;
			productRefGroup = 6AFA8D7326B8550900D2ECBE /* Products */;
			projectDirPath = "";
			projectRoot = "";
			targets = (
				6AFA8D7126B8550900D2ECBE /* MyPlaces */,
			);
		};
/* End PBXProject section */

/* Begin PBXResourcesBuildPhase section */
		6AFA8D7026B8550900D2ECBE /* Resources */ = {
			isa = PBXResourcesBuildPhase;
			buildActionMask = 2147483647;
			files = (
				6AFA8D8226B8550B00D2ECBE /* LaunchScreen.storyboard in Resources */,
				6AFA8D7F26B8550B00D2ECBE /* Assets.xcassets in Resources */,
				6AFA8D7D26B8550900D2ECBE /* Main.storyboard in Resources */,
			);
			runOnlyForDeploymentPostprocessing = 0;
		};
/* End PBXResourcesBuildPhase section */

/* Begin PBXShellScriptBuildPhase section */
		0BC831D3891E8962EB38DB23 /* [CP] Check Pods Manifest.lock */ = {
			isa = PBXShellScriptBuildPhase;
			buildActionMask = 2147483647;
			files = (
			);
			inputFileListPaths = (
			);
			inputPaths = (
				"${PODS_PODFILE_DIR_PATH}/Podfile.lock",
				"${PODS_ROOT}/Manifest.lock",
			);
			name = "[CP] Check Pods Manifest.lock";
			outputFileListPaths = (
			);
			outputPaths = (
				"$(DERIVED_FILE_DIR)/Pods-MyPlaces-checkManifestLockResult.txt",
			);
			runOnlyForDeploymentPostprocessing = 0;
			shellPath = /bin/sh;
			shellScript = "diff \"${PODS_PODFILE_DIR_PATH}/Podfile.lock\" \"${PODS_ROOT}/Manifest.lock\" > /dev/null\nif [ $? != 0 ] ; then\n    # print error to STDERR\n    echo \"error: The sandbox is not in sync with the Podfile.lock. Run 'pod install' or update your CocoaPods installation.\" >&2\n    exit 1\nfi\n# This output is used by Xcode 'outputs' to avoid re-running this script phase.\necho \"SUCCESS\" > \"${SCRIPT_OUTPUT_FILE_0}\"\n";
			showEnvVarsInLog = 0;
		};
		CEA8463F5081EFB97B501A77 /* [CP] Embed Pods Frameworks */ = {
			isa = PBXShellScriptBuildPhase;
			buildActionMask = 2147483647;
			files = (
			);
			inputFileListPaths = (
				"${PODS_ROOT}/Target Support Files/Pods-MyPlaces/Pods-MyPlaces-frameworks-${CONFIGURATION}-input-files.xcfilelist",
			);
			name = "[CP] Embed Pods Frameworks";
			outputFileListPaths = (
				"${PODS_ROOT}/Target Support Files/Pods-MyPlaces/Pods-MyPlaces-frameworks-${CONFIGURATION}-output-files.xcfilelist",
			);
			runOnlyForDeploymentPostprocessing = 0;
			shellPath = /bin/sh;
			shellScript = "\"${PODS_ROOT}/Target Support Files/Pods-MyPlaces/Pods-MyPlaces-frameworks.sh\"\n";
			showEnvVarsInLog = 0;
		};
/* End PBXShellScriptBuildPhase section */

/* Begin PBXSourcesBuildPhase section */
		6AFA8D6E26B8550900D2ECBE /* Sources */ = {
			isa = PBXSourcesBuildPhase;
			buildActionMask = 2147483647;
			files = (
				6A3CACCD26B90C5500948928 /* MainViewController.swift in Sources */,
				6A3CACD326BAFCE700948928 /* NewPlaceViewController.swift in Sources */,
				6AFA8D7626B8550900D2ECBE /* AppDelegate.swift in Sources */,
				6A3CACD126BAB2EB00948928 /* PlaceModel.swift in Sources */,
				6A3CACCF26BAABA400948928 /* CustomTableViewCell.swift in Sources */,
				6A006E2726BC078E00ABEDC6 /* RealmManager.swift in Sources */,
				6AFA8D7826B8550900D2ECBE /* SceneDelegate.swift in Sources */,
			);
			runOnlyForDeploymentPostprocessing = 0;
		};
/* End PBXSourcesBuildPhase section */

/* Begin PBXVariantGroup section */
		6AFA8D7B26B8550900D2ECBE /* Main.storyboard */ = {
			isa = PBXVariantGroup;
			children = (
				6AFA8D7C26B8550900D2ECBE /* Base */,
			);
			name = Main.storyboard;
			sourceTree = "<group>";
		};
		6AFA8D8026B8550B00D2ECBE /* LaunchScreen.storyboard */ = {
			isa = PBXVariantGroup;
			children = (
				6AFA8D8126B8550B00D2ECBE /* Base */,
			);
			name = LaunchScreen.storyboard;
			sourceTree = "<group>";
		};
/* End PBXVariantGroup section */

/* Begin XCBuildConfiguration section */
		6AFA8D8426B8550B00D2ECBE /* Debug */ = {
			isa = XCBuildConfiguration;
			buildSettings = {
				ALWAYS_SEARCH_USER_PATHS = NO;
				CLANG_ANALYZER_NONNULL = YES;
				CLANG_ANALYZER_NUMBER_OBJECT_CONVERSION = YES_AGGRESSIVE;
				CLANG_CXX_LANGUAGE_STANDARD = "gnu++14";
				CLANG_CXX_LIBRARY = "libc++";
				CLANG_ENABLE_MODULES = YES;
				CLANG_ENABLE_OBJC_ARC = YES;
				CLANG_ENABLE_OBJC_WEAK = YES;
				CLANG_WARN_BLOCK_CAPTURE_AUTORELEASING = YES;
				CLANG_WARN_BOOL_CONVERSION = YES;
				CLANG_WARN_COMMA = YES;
				CLANG_WARN_CONSTANT_CONVERSION = YES;
				CLANG_WARN_DEPRECATED_OBJC_IMPLEMENTATIONS = YES;
				CLANG_WARN_DIRECT_OBJC_ISA_USAGE = YES_ERROR;
				CLANG_WARN_DOCUMENTATION_COMMENTS = YES;
				CLANG_WARN_EMPTY_BODY = YES;
				CLANG_WARN_ENUM_CONVERSION = YES;
				CLANG_WARN_INFINITE_RECURSION = YES;
				CLANG_WARN_INT_CONVERSION = YES;
				CLANG_WARN_NON_LITERAL_NULL_CONVERSION = YES;
				CLANG_WARN_OBJC_IMPLICIT_RETAIN_SELF = YES;
				CLANG_WARN_OBJC_LITERAL_CONVERSION = YES;
				CLANG_WARN_OBJC_ROOT_CLASS = YES_ERROR;
				CLANG_WARN_QUOTED_INCLUDE_IN_FRAMEWORK_HEADER = YES;
				CLANG_WARN_RANGE_LOOP_ANALYSIS = YES;
				CLANG_WARN_STRICT_PROTOTYPES = YES;
				CLANG_WARN_SUSPICIOUS_MOVE = YES;
				CLANG_WARN_UNGUARDED_AVAILABILITY = YES_AGGRESSIVE;
				CLANG_WARN_UNREACHABLE_CODE = YES;
				CLANG_WARN__DUPLICATE_METHOD_MATCH = YES;
				COPY_PHASE_STRIP = NO;
				DEBUG_INFORMATION_FORMAT = dwarf;
				ENABLE_STRICT_OBJC_MSGSEND = YES;
				ENABLE_TESTABILITY = YES;
				GCC_C_LANGUAGE_STANDARD = gnu11;
				GCC_DYNAMIC_NO_PIC = NO;
				GCC_NO_COMMON_BLOCKS = YES;
				GCC_OPTIMIZATION_LEVEL = 0;
				GCC_PREPROCESSOR_DEFINITIONS = (
					"DEBUG=1",
					"$(inherited)",
				);
				GCC_WARN_64_TO_32_BIT_CONVERSION = YES;
				GCC_WARN_ABOUT_RETURN_TYPE = YES_ERROR;
				GCC_WARN_UNDECLARED_SELECTOR = YES;
				GCC_WARN_UNINITIALIZED_AUTOS = YES_AGGRESSIVE;
				GCC_WARN_UNUSED_FUNCTION = YES;
				GCC_WARN_UNUSED_VARIABLE = YES;
				IPHONEOS_DEPLOYMENT_TARGET = 14.5;
				MTL_ENABLE_DEBUG_INFO = INCLUDE_SOURCE;
				MTL_FAST_MATH = YES;
				ONLY_ACTIVE_ARCH = YES;
				SDKROOT = iphoneos;
				SWIFT_ACTIVE_COMPILATION_CONDITIONS = DEBUG;
				SWIFT_OPTIMIZATION_LEVEL = "-Onone";
			};
			name = Debug;
		};
		6AFA8D8526B8550B00D2ECBE /* Release */ = {
			isa = XCBuildConfiguration;
			buildSettings = {
				ALWAYS_SEARCH_USER_PATHS = NO;
				CLANG_ANALYZER_NONNULL = YES;
				CLANG_ANALYZER_NUMBER_OBJECT_CONVERSION = YES_AGGRESSIVE;
				CLANG_CXX_LANGUAGE_STANDARD = "gnu++14";
				CLANG_CXX_LIBRARY = "libc++";
				CLANG_ENABLE_MODULES = YES;
				CLANG_ENABLE_OBJC_ARC = YES;
				CLANG_ENABLE_OBJC_WEAK = YES;
				CLANG_WARN_BLOCK_CAPTURE_AUTORELEASING = YES;
				CLANG_WARN_BOOL_CONVERSION = YES;
				CLANG_WARN_COMMA = YES;
				CLANG_WARN_CONSTANT_CONVERSION = YES;
				CLANG_WARN_DEPRECATED_OBJC_IMPLEMENTATIONS = YES;
				CLANG_WARN_DIRECT_OBJC_ISA_USAGE = YES_ERROR;
				CLANG_WARN_DOCUMENTATION_COMMENTS = YES;
				CLANG_WARN_EMPTY_BODY = YES;
				CLANG_WARN_ENUM_CONVERSION = YES;
				CLANG_WARN_INFINITE_RECURSION = YES;
				CLANG_WARN_INT_CONVERSION = YES;
				CLANG_WARN_NON_LITERAL_NULL_CONVERSION = YES;
				CLANG_WARN_OBJC_IMPLICIT_RETAIN_SELF = YES;
				CLANG_WARN_OBJC_LITERAL_CONVERSION = YES;
				CLANG_WARN_OBJC_ROOT_CLASS = YES_ERROR;
				CLANG_WARN_QUOTED_INCLUDE_IN_FRAMEWORK_HEADER = YES;
				CLANG_WARN_RANGE_LOOP_ANALYSIS = YES;
				CLANG_WARN_STRICT_PROTOTYPES = YES;
				CLANG_WARN_SUSPICIOUS_MOVE = YES;
				CLANG_WARN_UNGUARDED_AVAILABILITY = YES_AGGRESSIVE;
				CLANG_WARN_UNREACHABLE_CODE = YES;
				CLANG_WARN__DUPLICATE_METHOD_MATCH = YES;
				COPY_PHASE_STRIP = NO;
				DEBUG_INFORMATION_FORMAT = "dwarf-with-dsym";
				ENABLE_NS_ASSERTIONS = NO;
				ENABLE_STRICT_OBJC_MSGSEND = YES;
				GCC_C_LANGUAGE_STANDARD = gnu11;
				GCC_NO_COMMON_BLOCKS = YES;
				GCC_WARN_64_TO_32_BIT_CONVERSION = YES;
				GCC_WARN_ABOUT_RETURN_TYPE = YES_ERROR;
				GCC_WARN_UNDECLARED_SELECTOR = YES;
				GCC_WARN_UNINITIALIZED_AUTOS = YES_AGGRESSIVE;
				GCC_WARN_UNUSED_FUNCTION = YES;
				GCC_WARN_UNUSED_VARIABLE = YES;
				IPHONEOS_DEPLOYMENT_TARGET = 14.5;
				MTL_ENABLE_DEBUG_INFO = NO;
				MTL_FAST_MATH = YES;
				SDKROOT = iphoneos;
				SWIFT_COMPILATION_MODE = wholemodule;
				SWIFT_OPTIMIZATION_LEVEL = "-O";
				VALIDATE_PRODUCT = YES;
			};
			name = Release;
		};
		6AFA8D8726B8550B00D2ECBE /* Debug */ = {
			isa = XCBuildConfiguration;
			baseConfigurationReference = FE83DC61B453A6A99A9D1295 /* Pods-MyPlaces.debug.xcconfig */;
			buildSettings = {
				ASSETCATALOG_COMPILER_APPICON_NAME = AppIcon;
				ASSETCATALOG_COMPILER_GLOBAL_ACCENT_COLOR_NAME = AccentColor;
				CODE_SIGN_STYLE = Automatic;
				DEVELOPMENT_TEAM = D2QV53PR4Z;
				INFOPLIST_FILE = MyPlaces/Info.plist;
				LD_RUNPATH_SEARCH_PATHS = (
					"$(inherited)",
					"@executable_path/Frameworks",
				);
				PRODUCT_BUNDLE_IDENTIFIER = starkov.MyPlaces;
				PRODUCT_NAME = "$(TARGET_NAME)";
				SWIFT_VERSION = 5.0;
				TARGETED_DEVICE_FAMILY = "1,2";
			};
			name = Debug;
		};
		6AFA8D8826B8550B00D2ECBE /* Release */ = {
			isa = XCBuildConfiguration;
			baseConfigurationReference = ADD272254ED8F99445DD5377 /* Pods-MyPlaces.release.xcconfig */;
			buildSettings = {
				ASSETCATALOG_COMPILER_APPICON_NAME = AppIcon;
				ASSETCATALOG_COMPILER_GLOBAL_ACCENT_COLOR_NAME = AccentColor;
				CODE_SIGN_STYLE = Automatic;
				DEVELOPMENT_TEAM = D2QV53PR4Z;
				INFOPLIST_FILE = MyPlaces/Info.plist;
				LD_RUNPATH_SEARCH_PATHS = (
					"$(inherited)",
					"@executable_path/Frameworks",
				);
				PRODUCT_BUNDLE_IDENTIFIER = starkov.MyPlaces;
				PRODUCT_NAME = "$(TARGET_NAME)";
				SWIFT_VERSION = 5.0;
				TARGETED_DEVICE_FAMILY = "1,2";
			};
			name = Release;
		};
/* End XCBuildConfiguration section */

/* Begin XCConfigurationList section */
		6AFA8D6D26B8550900D2ECBE /* Build configuration list for PBXProject "MyPlaces" */ = {
			isa = XCConfigurationList;
			buildConfigurations = (
				6AFA8D8426B8550B00D2ECBE /* Debug */,
				6AFA8D8526B8550B00D2ECBE /* Release */,
			);
			defaultConfigurationIsVisible = 0;
			defaultConfigurationName = Release;
		};
		6AFA8D8626B8550B00D2ECBE /* Build configuration list for PBXNativeTarget "MyPlaces" */ = {
			isa = XCConfigurationList;
			buildConfigurations = (
				6AFA8D8726B8550B00D2ECBE /* Debug */,
				6AFA8D8826B8550B00D2ECBE /* Release */,
			);
			defaultConfigurationIsVisible = 0;
			defaultConfigurationName = Release;
		};
/* End XCConfigurationList section */
	};
	rootObject = 6AFA8D6A26B8550900D2ECBE /* Project object */;
}
